
Microsoft Visual Studio Solution File, Format Version 12.00
# Visual Studio Version 17
VisualStudioVersion = 17.5.33530.505
MinimumVisualStudioVersion = 10.0.40219.1
Project("{FAE04EC0-301F-11D3-BF4B-00C04F79EFBC}") = "ContactsAPI", "ContactsAPI\ContactsAPI.csproj", "{38706107-2830-4130-9D22-5CAABBE82758}"
EndProject
Global
	GlobalSection(SolutionConfigurationPlatforms) = preSolution
		Debug|Any CPU = Debug|Any CPU
		Release|Any CPU = Release|Any CPU
	EndGlobalSection
	GlobalSection(ProjectConfigurationPlatforms) = postSolution
		{38706107-2830-4130-9D22-5CAABBE82758}.Debug|Any CPU.ActiveCfg = Debug|Any CPU
		{38706107-2830-4130-9D22-5CAABBE82758}.Debug|Any CPU.Build.0 = Debug|Any CPU
		{38706107-2830-4130-9D22-5CAABBE82758}.Release|Any CPU.ActiveCfg = Release|Any CPU
		{38706107-2830-4130-9D22-5CAABBE82758}.Release|Any CPU.Build.0 = Release|Any CPU
	EndGlobalSection
	GlobalSection(SolutionProperties) = preSolution
		HideSolutionNode = FALSE
	EndGlobalSection
	GlobalSection(ExtensibilityGlobals) = postSolution
		SolutionGuid = {63A434C0-EB26-435E-A80E-79939B63FA07}
	EndGlobalSection
EndGlobal
